<?xml version="1.0" encoding="utf-8"?>
<Project ToolsVersion="4.0" xmlns="http://schemas.microsoft.com/developer/msbuild/2003">
  <ItemGroup>
    <ClCompile Include="GeneratedFiles\Debug\moc_TestEventLoopFinisher.cpp" />
    <ClCompile Include="GeneratedFiles\Release\moc_TestEventLoopFinisher.cpp" />
    <ClCompile Include="src\CommandExecuteTest.cpp" />
    <ClCompile Include="src\Commands\Games\GetMw2ServerListTest.cpp" />
    <ClCompile Include="src\Commands\Social\GetFriendsByGameTest.cpp" />
    <ClCompile Include="src\Commands\User\SaveMainInfoTest.cpp" />
    <ClCompile Include="src\Commands\User\UserGetProfileTest.cpp" />
    <ClCompile Include="src\Commands\User\ValidateMainInfoTest.cpp" />
    <ClCompile Include="src\RestApiManagerTest.cpp" />
    <ClCompile Include="src\Commands\User\GetUserServiceAccountTest.cpp" />
    <ClCompile Include="src\CommandTest.cpp" />
    <ClCompile Include="src\Commands\Service\ServicegetLicenseTest.cpp" />
    <ClCompile Include="src\CommandBaseTest.cpp" />
    <ClCompile Include="src\Commands\Games\csserverlisttest.cpp" />
    <ClCompile Include="src\Commands\Marketing\SetGnaInstallStepTest.cpp" />
    <ClCompile Include="src\Auth\RegistryCredentialStorageTest.cpp" />
    <ClCompile Include="main.cpp" />
    <ClCompile Include="deps\gmock-gtest-all.cc" />
    <ClCompile Include="GeneratedFiles\Static Release\moc_TestEventLoopFinisher.cpp">
      <Filter>Generated Files</Filter>
    </ClCompile>
    <ClCompile Include="GeneratedFiles\Static Debug\moc_TestEventLoopFinisher.cpp">
      <Filter>Generated Files</Filter>
    </ClCompile>
    <ClCompile Include="GeneratedFiles\Debug\moc_TestEventLoopFinisher.cpp">
      <Filter>Generated Files</Filter>
    </ClCompile>
    <ClCompile Include="GeneratedFiles\Release\moc_TestEventLoopFinisher.cpp">
      <Filter>Generated Files</Filter>
    </ClCompile>
    <ClCompile Include="src\Auth\GetRedirectTokenTest.cpp">
      <Filter>Source Files</Filter>
    </ClCompile>
    <ClCompile Include="src\Auth\RegistryCredentialStorageTest.cpp">
      <Filter>Source Files</Filter>
    </ClCompile>
    <ClCompile Include="src\Commands\Marketing\SetGnaInstallStepTest.cpp">
      <Filter>Source Files</Filter>
    </ClCompile>
    <ClCompile Include="src\Commands\Service\DetailedServiceInfoTest.cpp">
      <Filter>Source Files</Filter>
    </ClCompile>
    <ClCompile Include="src\Commands\Service\GetDetailedServicesTest.cpp">
      <Filter>Source Files</Filter>
    </ClCompile>
    <ClCompile Include="src\Commands\Service\GetHostsTest.cpp">
      <Filter>Source Files</Filter>
    </ClCompile>
    <ClCompile Include="src\Commands\Service\ServicegetLicenseTest.cpp">
      <Filter>Source Files</Filter>
    </ClCompile>
    <ClCompile Include="src\Commands\Social\GetFriendsByGameTest.cpp">
      <Filter>Source Files</Filter>
    </ClCompile>
    <ClCompile Include="src\Commands\User\GetUserServiceAccountTest.cpp">
      <Filter>Source Files</Filter>
    </ClCompile>
    <ClCompile Include="src\Commands\User\SaveMainInfoTest.cpp">
      <Filter>Source Files</Filter>
    </ClCompile>
    <ClCompile Include="src\Commands\User\SetUserActivityTest.cpp">
      <Filter>Source Files</Filter>
    </ClCompile>
    <ClCompile Include="src\Commands\User\UserGetProfileTest.cpp">
      <Filter>Source Files</Filter>
    </ClCompile>
    <ClCompile Include="src\Commands\User\ValidateMainInfoTest.cpp">
      <Filter>Source Files</Filter>
    </ClCompile>
    <ClCompile Include="src\CommandBaseTest.cpp">
      <Filter>Source Files</Filter>
    </ClCompile>
    <ClCompile Include="src\CommandExecuteTest.cpp">
      <Filter>Source Files</Filter>
    </ClCompile>
    <ClCompile Include="src\CommandTest.cpp">
      <Filter>Source Files</Filter>
    </ClCompile>
    <ClCompile Include="src\HttpCommandRequestTest.cpp">
      <Filter>Source Files</Filter>
    </ClCompile>
    <ClCompile Include="src\RestApiManagerTest.cpp">
      <Filter>Source Files</Filter>
    </ClCompile>
    <ClCompile Include="src\TestEventLoopFinisher.cpp">
      <Filter>Source Files</Filter>
    </ClCompile>
  </ItemGroup>
  <ItemGroup>
    <ClInclude Include="deps\gtest\gtest.h">
      <Filter>Header Files</Filter>
    </ClInclude>
    <ClInclude Include="include\CommandTest.h">
      <Filter>Header Files</Filter>
    </ClInclude>
  </ItemGroup>
  <ItemGroup>
    <Filter Include="Source Files">
      <UniqueIdentifier>{4FC737F1-C7A5-4376-A066-2A32D752A2FF}</UniqueIdentifier>
      <Extensions>cpp;cxx;c;def</Extensions>
      <ParseFiles>true</ParseFiles>
    </Filter>
    <Filter Include="Header Files">
      <UniqueIdentifier>{93995380-89BD-4b04-88EB-625FBE52EBFB}</UniqueIdentifier>
      <Extensions>h;hh;hpp;hxx;hm;inl;inc;xsd</Extensions>
      <ParseFiles>true</ParseFiles>
    </Filter>
    <Filter Include="Generated Files">
      <UniqueIdentifier>{71ED8ED8-ACB9-4CE9-BBE1-E00B30144E11}</UniqueIdentifier>
      <Extensions>moc;h;cpp</Extensions>
      <ParseFiles>true</ParseFiles>
    </Filter>
  </ItemGroup>
  <ItemGroup>
    <CustomBuild Include="include\TestEventLoopFinisher.h">
      <Filter>Header Files</Filter>
    </CustomBuild>
  </ItemGroup>
</Project>