<?xml version="1.0" encoding="utf-8"?>
<Project ToolsVersion="4.0" xmlns="http://schemas.microsoft.com/developer/msbuild/2003">
  <ItemGroup>
    <ClCompile Include="main.cpp" />
    <ClCompile Include="src\RestApi\FakeCache.cpp">
      <Filter>Source Files</Filter>
    </ClCompile>
    <ClCompile Include="src\RestApi\RestApiManager.cpp">
      <Filter>Source Files</Filter>
    </ClCompile>
    <ClCompile Include="src\RestApi\ProtocolOneCredential.cpp">
      <Filter>Source Files</Filter>
    </ClCompile>
    <ClCompile Include="src\RestApi\Command\RestApiCommandBase.cpp">
      <Filter>Source Files</Filter>
    </ClCompile>
    <ClCompile Include="src\RestApi\Command\CommandBase.cpp">
      <Filter>Source Files</Filter>
    </ClCompile>
    <ClCompile Include="src\RestApi\Request\HttpCommandRequest.cpp">
      <Filter>Source Files</Filter>
    </ClCompile>
    <ClCompile Include="src\RestApi\Request\RequestBase.cpp">
      <Filter>Source Files</Filter>
    </ClCompile>
    <ClCompile Include="src\RestApi\Request\RequestFactory.cpp">
      <Filter>Source Files</Filter>
    </ClCompile>
    <ClCompile Include="src\RestApi\RegisterTypes.cpp">
      <Filter>Source Files</Filter>
    </ClCompile>
    <ClCompile Include="src\RestApi\RefreshTokenManager.cpp">
      <Filter>Source Files</Filter>
    </ClCompile>
    <ClCompile Include="src\RestApi\RefreshTokenState.cpp">
      <Filter>Source Files</Filter>
    </ClCompile>
    <ClCompile Include="src\RestApi\Api\V1\Auth\Login.cpp">
      <Filter>Source Files</Filter>
    </ClCompile>
    <ClCompile Include="src\RestApi\Request\JsonRequest.cpp">
      <Filter>Source Files</Filter>
    </ClCompile>
    <ClCompile Include="src\RestApi\Command\JsonCommand.cpp">
      <Filter>Source Files</Filter>
    </ClCompile>
    <ClCompile Include="src\RestApi\Api\V1\Auth\Refresh.cpp">
      <Filter>Source Files</Filter>
    </ClCompile>
    <ClCompile Include="src\RestApi\Api\V1\GetHost.cpp">
      <Filter>Source Files</Filter>
    </ClCompile>
  </ItemGroup>
  <ItemGroup>
    <ClInclude Include="resource.h" />
    <ClInclude Include="version.h" />
    <ClInclude Include="include\RestApi\Request\RequestFactory.h">
      <Filter>Header Files</Filter>
    </ClInclude>
    <ClInclude Include="include\RestApi\CacheInterface.h">
      <Filter>Header Files</Filter>
    </ClInclude>
    <ClInclude Include="include\RestApi\FakeCache.h">
      <Filter>Header Files</Filter>
    </ClInclude>
    <ClInclude Include="include\RestApi\ProtocolOneCredential.h">
      <Filter>Header Files</Filter>
    </ClInclude>
    <ClInclude Include="include\RestApi\RegisterTypes.h">
      <Filter>Header Files</Filter>
    </ClInclude>
    <ClInclude Include="include\RestApi\restapi_global.h">
      <Filter>Header Files</Filter>
    </ClInclude>
    <ClInclude Include="include\RestApi\Api\V1\GetHost.h">
      <Filter>Header Files</Filter>
    </ClInclude>
  </ItemGroup>
  <ItemGroup>
    <ResourceCompile Include="RestApi.rc" />
  </ItemGroup>
  <ItemGroup>
    <None Include="i18n\RestApi_en.ts" />
    <None Include="i18n\RestApi_ru.ts" />
  </ItemGroup>
  <ItemGroup>
    <Filter Include="Header Files">
      <UniqueIdentifier>{93995380-89BD-4b04-88EB-625FBE52EBFB}</UniqueIdentifier>
      <Extensions>h</Extensions>
      <ParseFiles>true</ParseFiles>
    </Filter>
    <Filter Include="Source Files">
      <UniqueIdentifier>{4FC737F1-C7A5-4376-A066-2A32D752A2FF}</UniqueIdentifier>
      <Extensions>cpp;cxx;c;def</Extensions>
      <ParseFiles>true</ParseFiles>
    </Filter>
    <Filter Include="Generated Files">
      <UniqueIdentifier>{71ED8ED8-ACB9-4CE9-BBE1-E00B30144E11}</UniqueIdentifier>
      <Extensions>moc;h;cpp</Extensions>
      <ParseFiles>true</ParseFiles>
    </Filter>
    <Filter Include="Generated Files\Debug">
      <UniqueIdentifier>{5c878083-058c-47b1-af55-145c71b9532d}</UniqueIdentifier>
      <Extensions>cpp;moc</Extensions>
      <SourceControlFiles>False</SourceControlFiles>
    </Filter>
    <Filter Include="Generated Files\Release">
      <UniqueIdentifier>{9b6edd15-1711-48e9-ae48-03852dae6ca4}</UniqueIdentifier>
      <Extensions>cpp;moc</Extensions>
      <SourceControlFiles>False</SourceControlFiles>
    </Filter>
  </ItemGroup>
  <ItemGroup>
    <QtMoc Include="include\RestApi\Api\V1\Auth\Login.h">
      <Filter>Header Files</Filter>
    </QtMoc>
    <QtMoc Include="include\RestApi\Api\V1\Auth\Refresh.h">
      <Filter>Header Files</Filter>
    </QtMoc>
    <QtMoc Include="include\RestApi\Command\CommandBase.h">
      <Filter>Header Files</Filter>
    </QtMoc>
    <QtMoc Include="include\RestApi\Command\JsonCommand.h">
      <Filter>Header Files</Filter>
    </QtMoc>
    <QtMoc Include="include\RestApi\Command\RestApiCommandBase.h">
      <Filter>Header Files</Filter>
    </QtMoc>
    <QtMoc Include="include\RestApi\Request\HttpCommandRequest.h">
      <Filter>Header Files</Filter>
    </QtMoc>
    <QtMoc Include="include\RestApi\Request\JsonRequest.h">
      <Filter>Header Files</Filter>
    </QtMoc>
    <QtMoc Include="include\RestApi\Request\RequestBase.h">
      <Filter>Header Files</Filter>
    </QtMoc>
    <QtMoc Include="include\RestApi\RefreshTokenManager.h">
      <Filter>Header Files</Filter>
    </QtMoc>
    <QtMoc Include="include\RestApi\RefreshTokenState.h">
      <Filter>Header Files</Filter>
    </QtMoc>
    <QtMoc Include="include\RestApi\RestApiManager.h">
      <Filter>Header Files</Filter>
    </QtMoc>
  </ItemGroup>
</Project>